
Microsoft Visual Studio Solution File, Format Version 12.00
# Visual Studio Version 16
VisualStudioVersion = 16.0.31129.286
MinimumVisualStudioVersion = 10.0.40219.1
Project("{FAE04EC0-301F-11D3-BF4B-00C04F79EFBC}") = "TestProjectForWeatherAPI", "TestProjectForWeatherAPI\TestProjectForWeatherAPI.csproj", "{0352FBD7-91E7-4B6B-BFCB-2DE00A44880A}"
EndProject
Global
	GlobalSection(SolutionConfigurationPlatforms) = preSolution
		Debug|Any CPU = Debug|Any CPU
		Release|Any CPU = Release|Any CPU
	EndGlobalSection
	GlobalSection(ProjectConfigurationPlatforms) = postSolution
		{0352FBD7-91E7-4B6B-BFCB-2DE00A44880A}.Debug|Any CPU.ActiveCfg = Debug|Any CPU
		{0352FBD7-91E7-4B6B-BFCB-2DE00A44880A}.Debug|Any CPU.Build.0 = Debug|Any CPU
		{0352FBD7-91E7-4B6B-BFCB-2DE00A44880A}.Release|Any CPU.ActiveCfg = Release|Any CPU
		{0352FBD7-91E7-4B6B-BFCB-2DE00A44880A}.Release|Any CPU.Build.0 = Release|Any CPU
	EndGlobalSection
	GlobalSection(SolutionProperties) = preSolution
		HideSolutionNode = FALSE
	EndGlobalSection
	GlobalSection(ExtensibilityGlobals) = postSolution
		SolutionGuid = {54381D9F-21FD-45B4-A09C-254CF8945ECB}
	EndGlobalSection
EndGlobal
